
Microsoft Visual Studio Solution File, Format Version 12.00
# Visual Studio Version 17
VisualStudioVersion = 17.14.37628.2
MinimumVisualStudioVersion = 10.0.40219.1
Project("{FAE04EC0-301F-11D3-BF4B-00C04F79EFBC}") = "Animal_ConsoleApp1", "Animal_ConsoleApp1\Animal_ConsoleApp1.csproj", "{6AAD2157-ADE0-FD34-DFBF-00EA2DD8C431}"
EndProject
Global
	GlobalSection(SolutionConfigurationPlatforms) = preSolution
		Debug|Any CPU = Debug|Any CPU
		Release|Any CPU = Release|Any CPU
	EndGlobalSection
	GlobalSection(ProjectConfigurationPlatforms) = postSolution
		{6AAD2157-ADE0-FD34-DFBF-00EA2DD8C431}.Debug|Any CPU.ActiveCfg = Debug|Any CPU
		{6AAD2157-ADE0-FD34-DFBF-00EA2DD8C431}.Debug|Any CPU.Build.0 = Debug|Any CPU
		{6AAD2157-ADE0-FD34-DFBF-00EA2DD8C431}.Release|Any CPU.ActiveCfg = Release|Any CPU
		{6AAD2157-ADE0-FD34-DFBF-00EA2DD8C431}.Release|Any CPU.Build.0 = Release|Any CPU
	EndGlobalSection
	GlobalSection(SolutionProperties) = preSolution
		HideSolutionNode = FALSE
	EndGlobalSection
	GlobalSection(ExtensibilityGlobals) = postSolution
		SolutionGuid = {E62A1A04-18FD-4A56-BED3-48CD4CC8D04F}
	EndGlobalSection
EndGlobal
